
Microsoft Visual Studio Solution File, Format Version 12.00
# Visual Studio Version 16
VisualStudioVersion = 16.0.30709.132
MinimumVisualStudioVersion = 10.0.40219.1
Project("{8BC9CEB8-8B4A-11D0-8D11-00A0C91BC942}") = "Lab_09_2_B", "Lab_09_2_B\Lab_09_2_B.vcxproj", "{B8871AFE-108F-4E63-93ED-EAF24FD2C045}"
EndProject
Global
	GlobalSection(SolutionConfigurationPlatforms) = preSolution
		Debug|x64 = Debug|x64
		Debug|x86 = Debug|x86
		Release|x64 = Release|x64
		Release|x86 = Release|x86
	EndGlobalSection
	GlobalSection(ProjectConfigurationPlatforms) = postSolution
		{B8871AFE-108F-4E63-93ED-EAF24FD2C045}.Debug|x64.ActiveCfg = Debug|x64
		{B8871AFE-108F-4E63-93ED-EAF24FD2C045}.Debug|x64.Build.0 = Debug|x64
		{B8871AFE-108F-4E63-93ED-EAF24FD2C045}.Debug|x86.ActiveCfg = Debug|Win32
		{B8871AFE-108F-4E63-93ED-EAF24FD2C045}.Debug|x86.Build.0 = Debug|Win32
		{B8871AFE-108F-4E63-93ED-EAF24FD2C045}.Release|x64.ActiveCfg = Release|x64
		{B8871AFE-108F-4E63-93ED-EAF24FD2C045}.Release|x64.Build.0 = Release|x64
		{B8871AFE-108F-4E63-93ED-EAF24FD2C045}.Release|x86.ActiveCfg = Release|Win32
		{B8871AFE-108F-4E63-93ED-EAF24FD2C045}.Release|x86.Build.0 = Release|Win32
	EndGlobalSection
	GlobalSection(SolutionProperties) = preSolution
		HideSolutionNode = FALSE
	EndGlobalSection
	GlobalSection(ExtensibilityGlobals) = postSolution
		SolutionGuid = {8C09E877-5A51-421C-9D2E-8DAE65F279D7}
	EndGlobalSection
EndGlobal
